// !$*UTF8*$!
{
	archiveVersion = 1;
	classes = {
	};
	objectVersion = 56;
	objects = {

/* Begin PBXBuildFile section */
		FE0733A22C88172D000195DE /* BoardSquare.swift in Sources */ = {isa = PBXBuildFile; fileRef = FE0733A12C88172D000195DE /* BoardSquare.swift */; };
		FE2F29132C879AD200C9BF43 /* ResourceGameApp.swift in Sources */ = {isa = PBXBuildFile; fileRef = FE2F29122C879AD200C9BF43 /* ResourceGameApp.swift */; };
		FE2F29152C879AD200C9BF43 /* ContentView.swift in Sources */ = {isa = PBXBuildFile; fileRef = FE2F29142C879AD200C9BF43 /* ContentView.swift */; };
		FE2F29172C879AD200C9BF43 /* Item.swift in Sources */ = {isa = PBXBuildFile; fileRef = FE2F29162C879AD200C9BF43 /* Item.swift */; };
		FE2F29192C879AD400C9BF43 /* Assets.xcassets in Resources */ = {isa = PBXBuildFile; fileRef = FE2F29182C879AD400C9BF43 /* Assets.xcassets */; };
		FE2F291C2C879AD400C9BF43 /* Preview Assets.xcassets in Resources */ = {isa = PBXBuildFile; fileRef = FE2F291B2C879AD400C9BF43 /* Preview Assets.xcassets */; };
		FE2F29262C879AD400C9BF43 /* ResourceGameTests.swift in Sources */ = {isa = PBXBuildFile; fileRef = FE2F29252C879AD400C9BF43 /* ResourceGameTests.swift */; };
		FE2F29302C879AD400C9BF43 /* ResourceGameUITests.swift in Sources */ = {isa = PBXBuildFile; fileRef = FE2F292F2C879AD400C9BF43 /* ResourceGameUITests.swift */; };
		FE2F29322C879AD400C9BF43 /* ResourceGameUITestsLaunchTests.swift in Sources */ = {isa = PBXBuildFile; fileRef = FE2F29312C879AD400C9BF43 /* ResourceGameUITestsLaunchTests.swift */; };
		FE2F293F2C879B8000C9BF43 /* Piece.swift in Sources */ = {isa = PBXBuildFile; fileRef = FE2F293E2C879B8000C9BF43 /* Piece.swift */; };
		FE2F29412C879B9A00C9BF43 /* TravelDirection.swift in Sources */ = {isa = PBXBuildFile; fileRef = FE2F29402C879B9A00C9BF43 /* TravelDirection.swift */; };
		FE2F29432C879BFE00C9BF43 /* Location.swift in Sources */ = {isa = PBXBuildFile; fileRef = FE2F29422C879BFE00C9BF43 /* Location.swift */; };
		FE2F29452C879C7100C9BF43 /* PlayerColor.swift in Sources */ = {isa = PBXBuildFile; fileRef = FE2F29442C879C7100C9BF43 /* PlayerColor.swift */; };
		FE2F29482C879DA300C9BF43 /* SquareType.swift in Sources */ = {isa = PBXBuildFile; fileRef = FE2F29472C879DA300C9BF43 /* SquareType.swift */; };
		FE2F294A2C879EBA00C9BF43 /* Board.swift in Sources */ = {isa = PBXBuildFile; fileRef = FE2F29492C879EBA00C9BF43 /* Board.swift */; };
		FE2F294D2C87A24500C9BF43 /* PieceView.swift in Sources */ = {isa = PBXBuildFile; fileRef = FE2F294C2C87A24500C9BF43 /* PieceView.swift */; };
		FE2F294F2C87A6F600C9BF43 /* SquareView.swift in Sources */ = {isa = PBXBuildFile; fileRef = FE2F294E2C87A6F600C9BF43 /* SquareView.swift */; };
		FE2F29512C87A95A00C9BF43 /* BoardView.swift in Sources */ = {isa = PBXBuildFile; fileRef = FE2F29502C87A95A00C9BF43 /* BoardView.swift */; };
		FE2F29532C87B6AD00C9BF43 /* BoardLocation.swift in Sources */ = {isa = PBXBuildFile; fileRef = FE2F29522C87B6AD00C9BF43 /* BoardLocation.swift */; };
/* End PBXBuildFile section */

/* Begin PBXContainerItemProxy section */
		FE2F29222C879AD400C9BF43 /* PBXContainerItemProxy */ = {
			isa = PBXContainerItemProxy;
			containerPortal = FE2F29072C879AD200C9BF43 /* Project object */;
			proxyType = 1;
			remoteGlobalIDString = FE2F290E2C879AD200C9BF43;
			remoteInfo = ResourceGame;
		};
		FE2F292C2C879AD400C9BF43 /* PBXContainerItemProxy */ = {
			isa = PBXContainerItemProxy;
			containerPortal = FE2F29072C879AD200C9BF43 /* Project object */;
			proxyType = 1;
			remoteGlobalIDString = FE2F290E2C879AD200C9BF43;
			remoteInfo = ResourceGame;
		};
/* End PBXContainerItemProxy section */

/* Begin PBXFileReference section */
		FE0733A12C88172D000195DE /* BoardSquare.swift */ = {isa = PBXFileReference; lastKnownFileType = sourcecode.swift; path = BoardSquare.swift; sourceTree = "<group>"; };
		FE2F290F2C879AD200C9BF43 /* ResourceGame.app */ = {isa = PBXFileReference; explicitFileType = wrapper.application; includeInIndex = 0; path = ResourceGame.app; sourceTree = BUILT_PRODUCTS_DIR; };
		FE2F29122C879AD200C9BF43 /* ResourceGameApp.swift */ = {isa = PBXFileReference; lastKnownFileType = sourcecode.swift; path = ResourceGameApp.swift; sourceTree = "<group>"; };
		FE2F29142C879AD200C9BF43 /* ContentView.swift */ = {isa = PBXFileReference; lastKnownFileType = sourcecode.swift; path = ContentView.swift; sourceTree = "<group>"; };
		FE2F29162C879AD200C9BF43 /* Item.swift */ = {isa = PBXFileReference; lastKnownFileType = sourcecode.swift; path = Item.swift; sourceTree = "<group>"; };
		FE2F29182C879AD400C9BF43 /* Assets.xcassets */ = {isa = PBXFileReference; lastKnownFileType = folder.assetcatalog; path = Assets.xcassets; sourceTree = "<group>"; };
		FE2F291B2C879AD400C9BF43 /* Preview Assets.xcassets */ = {isa = PBXFileReference; lastKnownFileType = folder.assetcatalog; path = "Preview Assets.xcassets"; sourceTree = "<group>"; };
		FE2F29212C879AD400C9BF43 /* ResourceGameTests.xctest */ = {isa = PBXFileReference; explicitFileType = wrapper.cfbundle; includeInIndex = 0; path = ResourceGameTests.xctest; sourceTree = BUILT_PRODUCTS_DIR; };
		FE2F29252C879AD400C9BF43 /* ResourceGameTests.swift */ = {isa = PBXFileReference; lastKnownFileType = sourcecode.swift; path = ResourceGameTests.swift; sourceTree = "<group>"; };
		FE2F292B2C879AD400C9BF43 /* ResourceGameUITests.xctest */ = {isa = PBXFileReference; explicitFileType = wrapper.cfbundle; includeInIndex = 0; path = ResourceGameUITests.xctest; sourceTree = BUILT_PRODUCTS_DIR; };
		FE2F292F2C879AD400C9BF43 /* ResourceGameUITests.swift */ = {isa = PBXFileReference; lastKnownFileType = sourcecode.swift; path = ResourceGameUITests.swift; sourceTree = "<group>"; };
		FE2F29312C879AD400C9BF43 /* ResourceGameUITestsLaunchTests.swift */ = {isa = PBXFileReference; lastKnownFileType = sourcecode.swift; path = ResourceGameUITestsLaunchTests.swift; sourceTree = "<group>"; };
		FE2F293E2C879B8000C9BF43 /* Piece.swift */ = {isa = PBXFileReference; lastKnownFileType = sourcecode.swift; path = Piece.swift; sourceTree = "<group>"; };
		FE2F29402C879B9A00C9BF43 /* TravelDirection.swift */ = {isa = PBXFileReference; lastKnownFileType = sourcecode.swift; path = TravelDirection.swift; sourceTree = "<group>"; };
		FE2F29422C879BFE00C9BF43 /* Location.swift */ = {isa = PBXFileReference; lastKnownFileType = sourcecode.swift; path = Location.swift; sourceTree = "<group>"; };
		FE2F29442C879C7100C9BF43 /* PlayerColor.swift */ = {isa = PBXFileReference; lastKnownFileType = sourcecode.swift; path = PlayerColor.swift; sourceTree = "<group>"; };
		FE2F29472C879DA300C9BF43 /* SquareType.swift */ = {isa = PBXFileReference; lastKnownFileType = sourcecode.swift; path = SquareType.swift; sourceTree = "<group>"; };
		FE2F29492C879EBA00C9BF43 /* Board.swift */ = {isa = PBXFileReference; lastKnownFileType = sourcecode.swift; path = Board.swift; sourceTree = "<group>"; };
		FE2F294C2C87A24500C9BF43 /* PieceView.swift */ = {isa = PBXFileReference; lastKnownFileType = sourcecode.swift; path = PieceView.swift; sourceTree = "<group>"; };
		FE2F294E2C87A6F600C9BF43 /* SquareView.swift */ = {isa = PBXFileReference; lastKnownFileType = sourcecode.swift; path = SquareView.swift; sourceTree = "<group>"; };
		FE2F29502C87A95A00C9BF43 /* BoardView.swift */ = {isa = PBXFileReference; lastKnownFileType = sourcecode.swift; path = BoardView.swift; sourceTree = "<group>"; };
		FE2F29522C87B6AD00C9BF43 /* BoardLocation.swift */ = {isa = PBXFileReference; lastKnownFileType = sourcecode.swift; path = BoardLocation.swift; sourceTree = "<group>"; };
/* End PBXFileReference section */

/* Begin PBXFrameworksBuildPhase section */
		FE2F290C2C879AD200C9BF43 /* Frameworks */ = {
			isa = PBXFrameworksBuildPhase;
			buildActionMask = 2147483647;
			files = (
			);
			runOnlyForDeploymentPostprocessing = 0;
		};
		FE2F291E2C879AD400C9BF43 /* Frameworks */ = {
			isa = PBXFrameworksBuildPhase;
			buildActionMask = 2147483647;
			files = (
			);
			runOnlyForDeploymentPostprocessing = 0;
		};
		FE2F29282C879AD400C9BF43 /* Frameworks */ = {
			isa = PBXFrameworksBuildPhase;
			buildActionMask = 2147483647;
			files = (
			);
			runOnlyForDeploymentPostprocessing = 0;
		};
/* End PBXFrameworksBuildPhase section */

/* Begin PBXGroup section */
		FE2F29062C879AD200C9BF43 = {
			isa = PBXGroup;
			children = (
				FE2F29112C879AD200C9BF43 /* ResourceGame */,
				FE2F29242C879AD400C9BF43 /* ResourceGameTests */,
				FE2F292E2C879AD400C9BF43 /* ResourceGameUITests */,
				FE2F29102C879AD200C9BF43 /* Products */,
			);
			sourceTree = "<group>";
		};
		FE2F29102C879AD200C9BF43 /* Products */ = {
			isa = PBXGroup;
			children = (
				FE2F290F2C879AD200C9BF43 /* ResourceGame.app */,
				FE2F29212C879AD400C9BF43 /* ResourceGameTests.xctest */,
				FE2F292B2C879AD400C9BF43 /* ResourceGameUITests.xctest */,
			);
			name = Products;
			sourceTree = "<group>";
		};
		FE2F29112C879AD200C9BF43 /* ResourceGame */ = {
			isa = PBXGroup;
			children = (
				FE50EF762C892E60008E40CE /* PlayerView */,
				FE50EF752C892E55008E40CE /* PlayerData */,
				FE2F294B2C87A22A00C9BF43 /* BoardView */,
				FE2F29462C879D7900C9BF43 /* BoardData */,
				FE2F29122C879AD200C9BF43 /* ResourceGameApp.swift */,
				FE2F29142C879AD200C9BF43 /* ContentView.swift */,
				FE2F29162C879AD200C9BF43 /* Item.swift */,
				FE2F29182C879AD400C9BF43 /* Assets.xcassets */,
				FE2F291A2C879AD400C9BF43 /* Preview Content */,
			);
			path = ResourceGame;
			sourceTree = "<group>";
		};
		FE2F291A2C879AD400C9BF43 /* Preview Content */ = {
			isa = PBXGroup;
			children = (
				FE2F291B2C879AD400C9BF43 /* Preview Assets.xcassets */,
			);
			path = "Preview Content";
			sourceTree = "<group>";
		};
		FE2F29242C879AD400C9BF43 /* ResourceGameTests */ = {
			isa = PBXGroup;
			children = (
				FE2F29252C879AD400C9BF43 /* ResourceGameTests.swift */,
			);
			path = ResourceGameTests;
			sourceTree = "<group>";
		};
		FE2F292E2C879AD400C9BF43 /* ResourceGameUITests */ = {
			isa = PBXGroup;
			children = (
				FE2F292F2C879AD400C9BF43 /* ResourceGameUITests.swift */,
				FE2F29312C879AD400C9BF43 /* ResourceGameUITestsLaunchTests.swift */,
			);
			path = ResourceGameUITests;
			sourceTree = "<group>";
		};
		FE2F29462C879D7900C9BF43 /* BoardData */ = {
			isa = PBXGroup;
			children = (
				FE2F293E2C879B8000C9BF43 /* Piece.swift */,
				FE2F29402C879B9A00C9BF43 /* TravelDirection.swift */,
				FE2F29422C879BFE00C9BF43 /* Location.swift */,
				FE2F29442C879C7100C9BF43 /* PlayerColor.swift */,
				FE2F29472C879DA300C9BF43 /* SquareType.swift */,
				FE2F29492C879EBA00C9BF43 /* Board.swift */,
				FE2F29522C87B6AD00C9BF43 /* BoardLocation.swift */,
				FE0733A12C88172D000195DE /* BoardSquare.swift */,
			);
			path = BoardData;
			sourceTree = "<group>";
		};
		FE2F294B2C87A22A00C9BF43 /* BoardView */ = {
			isa = PBXGroup;
			children = (
				FE2F294C2C87A24500C9BF43 /* PieceView.swift */,
				FE2F294E2C87A6F600C9BF43 /* SquareView.swift */,
				FE2F29502C87A95A00C9BF43 /* BoardView.swift */,
			);
			path = BoardView;
			sourceTree = "<group>";
		};
		FE50EF752C892E55008E40CE /* PlayerData */ = {
			isa = PBXGroup;
			children = (
			);
			path = PlayerData;
			sourceTree = "<group>";
		};
		FE50EF762C892E60008E40CE /* PlayerView */ = {
			isa = PBXGroup;
			children = (
			);
			path = PlayerView;
			sourceTree = "<group>";
		};
/* End PBXGroup section */

/* Begin PBXNativeTarget section */
		FE2F290E2C879AD200C9BF43 /* ResourceGame */ = {
			isa = PBXNativeTarget;
			buildConfigurationList = FE2F29352C879AD400C9BF43 /* Build configuration list for PBXNativeTarget "ResourceGame" */;
			buildPhases = (
				FE2F290B2C879AD200C9BF43 /* Sources */,
				FE2F290C2C879AD200C9BF43 /* Frameworks */,
				FE2F290D2C879AD200C9BF43 /* Resources */,
			);
			buildRules = (
			);
			dependencies = (
			);
			name = ResourceGame;
			productName = ResourceGame;
			productReference = FE2F290F2C879AD200C9BF43 /* ResourceGame.app */;
			productType = "com.apple.product-type.application";
		};
		FE2F29202C879AD400C9BF43 /* ResourceGameTests */ = {
			isa = PBXNativeTarget;
			buildConfigurationList = FE2F29382C879AD400C9BF43 /* Build configuration list for PBXNativeTarget "ResourceGameTests" */;
			buildPhases = (
				FE2F291D2C879AD400C9BF43 /* Sources */,
				FE2F291E2C879AD400C9BF43 /* Frameworks */,
				FE2F291F2C879AD400C9BF43 /* Resources */,
			);
			buildRules = (
			);
			dependencies = (
				FE2F29232C879AD400C9BF43 /* PBXTargetDependency */,
			);
			name = ResourceGameTests;
			productName = ResourceGameTests;
			productReference = FE2F29212C879AD400C9BF43 /* ResourceGameTests.xctest */;
			productType = "com.apple.product-type.bundle.unit-test";
		};
		FE2F292A2C879AD400C9BF43 /* ResourceGameUITests */ = {
			isa = PBXNativeTarget;
			buildConfigurationList = FE2F293B2C879AD400C9BF43 /* Build configuration list for PBXNativeTarget "ResourceGameUITests" */;
			buildPhases = (
				FE2F29272C879AD400C9BF43 /* Sources */,
				FE2F29282C879AD400C9BF43 /* Frameworks */,
				FE2F29292C879AD400C9BF43 /* Resources */,
			);
			buildRules = (
			);
			dependencies = (
				FE2F292D2C879AD400C9BF43 /* PBXTargetDependency */,
			);
			name = ResourceGameUITests;
			productName = ResourceGameUITests;
			productReference = FE2F292B2C879AD400C9BF43 /* ResourceGameUITests.xctest */;
			productType = "com.apple.product-type.bundle.ui-testing";
		};
/* End PBXNativeTarget section */

/* Begin PBXProject section */
		FE2F29072C879AD200C9BF43 /* Project object */ = {
			isa = PBXProject;
			attributes = {
				BuildIndependentTargetsInParallel = 1;
				LastSwiftUpdateCheck = 1540;
				LastUpgradeCheck = 1540;
				TargetAttributes = {
					FE2F290E2C879AD200C9BF43 = {
						CreatedOnToolsVersion = 15.4;
					};
					FE2F29202C879AD400C9BF43 = {
						CreatedOnToolsVersion = 15.4;
						TestTargetID = FE2F290E2C879AD200C9BF43;
					};
					FE2F292A2C879AD400C9BF43 = {
						CreatedOnToolsVersion = 15.4;
						TestTargetID = FE2F290E2C879AD200C9BF43;
					};
				};
			};
			buildConfigurationList = FE2F290A2C879AD200C9BF43 /* Build configuration list for PBXProject "ResourceGame" */;
			compatibilityVersion = "Xcode 14.0";
			developmentRegion = en;
			hasScannedForEncodings = 0;
			knownRegions = (
				en,
				Base,
			);
			mainGroup = FE2F29062C879AD200C9BF43;
			productRefGroup = FE2F29102C879AD200C9BF43 /* Products */;
			projectDirPath = "";
			projectRoot = "";
			targets = (
				FE2F290E2C879AD200C9BF43 /* ResourceGame */,
				FE2F29202C879AD400C9BF43 /* ResourceGameTests */,
				FE2F292A2C879AD400C9BF43 /* ResourceGameUITests */,
			);
		};
/* End PBXProject section */

/* Begin PBXResourcesBuildPhase section */
		FE2F290D2C879AD200C9BF43 /* Resources */ = {
			isa = PBXResourcesBuildPhase;
			buildActionMask = 2147483647;
			files = (
				FE2F291C2C879AD400C9BF43 /* Preview Assets.xcassets in Resources */,
				FE2F29192C879AD400C9BF43 /* Assets.xcassets in Resources */,
			);
			runOnlyForDeploymentPostprocessing = 0;
		};
		FE2F291F2C879AD400C9BF43 /* Resources */ = {
			isa = PBXResourcesBuildPhase;
			buildActionMask = 2147483647;
			files = (
			);
			runOnlyForDeploymentPostprocessing = 0;
		};
		FE2F29292C879AD400C9BF43 /* Resources */ = {
			isa = PBXResourcesBuildPhase;
			buildActionMask = 2147483647;
			files = (
			);
			runOnlyForDeploymentPostprocessing = 0;
		};
/* End PBXResourcesBuildPhase section */

/* Begin PBXSourcesBuildPhase section */
		FE2F290B2C879AD200C9BF43 /* Sources */ = {
			isa = PBXSourcesBuildPhase;
			buildActionMask = 2147483647;
			files = (
				FE2F29412C879B9A00C9BF43 /* TravelDirection.swift in Sources */,
				FE2F293F2C879B8000C9BF43 /* Piece.swift in Sources */,
				FE2F29152C879AD200C9BF43 /* ContentView.swift in Sources */,
				FE2F29172C879AD200C9BF43 /* Item.swift in Sources */,
				FE2F294F2C87A6F600C9BF43 /* SquareView.swift in Sources */,
				FE2F29482C879DA300C9BF43 /* SquareType.swift in Sources */,
				FE2F294D2C87A24500C9BF43 /* PieceView.swift in Sources */,
				FE2F29432C879BFE00C9BF43 /* Location.swift in Sources */,
				FE2F29532C87B6AD00C9BF43 /* BoardLocation.swift in Sources */,
				FE2F29452C879C7100C9BF43 /* PlayerColor.swift in Sources */,
				FE0733A22C88172D000195DE /* BoardSquare.swift in Sources */,
				FE2F29512C87A95A00C9BF43 /* BoardView.swift in Sources */,
				FE2F29132C879AD200C9BF43 /* ResourceGameApp.swift in Sources */,
				FE2F294A2C879EBA00C9BF43 /* Board.swift in Sources */,
			);
			runOnlyForDeploymentPostprocessing = 0;
		};
		FE2F291D2C879AD400C9BF43 /* Sources */ = {
			isa = PBXSourcesBuildPhase;
			buildActionMask = 2147483647;
			files = (
				FE2F29262C879AD400C9BF43 /* ResourceGameTests.swift in Sources */,
			);
			runOnlyForDeploymentPostprocessing = 0;
		};
		FE2F29272C879AD400C9BF43 /* Sources */ = {
			isa = PBXSourcesBuildPhase;
			buildActionMask = 2147483647;
			files = (
				FE2F29322C879AD400C9BF43 /* ResourceGameUITestsLaunchTests.swift in Sources */,
				FE2F29302C879AD400C9BF43 /* ResourceGameUITests.swift in Sources */,
			);
			runOnlyForDeploymentPostprocessing = 0;
		};
/* End PBXSourcesBuildPhase section */

/* Begin PBXTargetDependency section */
		FE2F29232C879AD400C9BF43 /* PBXTargetDependency */ = {
			isa = PBXTargetDependency;
			target = FE2F290E2C879AD200C9BF43 /* ResourceGame */;
			targetProxy = FE2F29222C879AD400C9BF43 /* PBXContainerItemProxy */;
		};
		FE2F292D2C879AD400C9BF43 /* PBXTargetDependency */ = {
			isa = PBXTargetDependency;
			target = FE2F290E2C879AD200C9BF43 /* ResourceGame */;
			targetProxy = FE2F292C2C879AD400C9BF43 /* PBXContainerItemProxy */;
		};
/* End PBXTargetDependency section */

/* Begin XCBuildConfiguration section */
		FE2F29332C879AD400C9BF43 /* Debug */ = {
			isa = XCBuildConfiguration;
			buildSettings = {
				ALWAYS_SEARCH_USER_PATHS = NO;
				ASSETCATALOG_COMPILER_GENERATE_SWIFT_ASSET_SYMBOL_EXTENSIONS = YES;
				CLANG_ANALYZER_NONNULL = YES;
				CLANG_ANALYZER_NUMBER_OBJECT_CONVERSION = YES_AGGRESSIVE;
				CLANG_CXX_LANGUAGE_STANDARD = "gnu++20";
				CLANG_ENABLE_MODULES = YES;
				CLANG_ENABLE_OBJC_ARC = YES;
				CLANG_ENABLE_OBJC_WEAK = YES;
				CLANG_WARN_BLOCK_CAPTURE_AUTORELEASING = YES;
				CLANG_WARN_BOOL_CONVERSION = YES;
				CLANG_WARN_COMMA = YES;
				CLANG_WARN_CONSTANT_CONVERSION = YES;
				CLANG_WARN_DEPRECATED_OBJC_IMPLEMENTATIONS = YES;
				CLANG_WARN_DIRECT_OBJC_ISA_USAGE = YES_ERROR;
				CLANG_WARN_DOCUMENTATION_COMMENTS = YES;
				CLANG_WARN_EMPTY_BODY = YES;
				CLANG_WARN_ENUM_CONVERSION = YES;
				CLANG_WARN_INFINITE_RECURSION = YES;
				CLANG_WARN_INT_CONVERSION = YES;
				CLANG_WARN_NON_LITERAL_NULL_CONVERSION = YES;
				CLANG_WARN_OBJC_IMPLICIT_RETAIN_SELF = YES;
				CLANG_WARN_OBJC_LITERAL_CONVERSION = YES;
				CLANG_WARN_OBJC_ROOT_CLASS = YES_ERROR;
				CLANG_WARN_QUOTED_INCLUDE_IN_FRAMEWORK_HEADER = YES;
				CLANG_WARN_RANGE_LOOP_ANALYSIS = YES;
				CLANG_WARN_STRICT_PROTOTYPES = YES;
				CLANG_WARN_SUSPICIOUS_MOVE = YES;
				CLANG_WARN_UNGUARDED_AVAILABILITY = YES_AGGRESSIVE;
				CLANG_WARN_UNREACHABLE_CODE = YES;
				CLANG_WARN__DUPLICATE_METHOD_MATCH = YES;
				COPY_PHASE_STRIP = NO;
				DEBUG_INFORMATION_FORMAT = dwarf;
				ENABLE_STRICT_OBJC_MSGSEND = YES;
				ENABLE_TESTABILITY = YES;
				ENABLE_USER_SCRIPT_SANDBOXING = YES;
				GCC_C_LANGUAGE_STANDARD = gnu17;
				GCC_DYNAMIC_NO_PIC = NO;
				GCC_NO_COMMON_BLOCKS = YES;
				GCC_OPTIMIZATION_LEVEL = 0;
				GCC_PREPROCESSOR_DEFINITIONS = (
					"DEBUG=1",
					"$(inherited)",
				);
				GCC_WARN_64_TO_32_BIT_CONVERSION = YES;
				GCC_WARN_ABOUT_RETURN_TYPE = YES_ERROR;
				GCC_WARN_UNDECLARED_SELECTOR = YES;
				GCC_WARN_UNINITIALIZED_AUTOS = YES_AGGRESSIVE;
				GCC_WARN_UNUSED_FUNCTION = YES;
				GCC_WARN_UNUSED_VARIABLE = YES;
				IPHONEOS_DEPLOYMENT_TARGET = 17.5;
				LOCALIZATION_PREFERS_STRING_CATALOGS = YES;
				MTL_ENABLE_DEBUG_INFO = INCLUDE_SOURCE;
				MTL_FAST_MATH = YES;
				ONLY_ACTIVE_ARCH = YES;
				SDKROOT = iphoneos;
				SWIFT_ACTIVE_COMPILATION_CONDITIONS = "DEBUG $(inherited)";
				SWIFT_OPTIMIZATION_LEVEL = "-Onone";
			};
			name = Debug;
		};
		FE2F29342C879AD400C9BF43 /* Release */ = {
			isa = XCBuildConfiguration;
			buildSettings = {
				ALWAYS_SEARCH_USER_PATHS = NO;
				ASSETCATALOG_COMPILER_GENERATE_SWIFT_ASSET_SYMBOL_EXTENSIONS = YES;
				CLANG_ANALYZER_NONNULL = YES;
				CLANG_ANALYZER_NUMBER_OBJECT_CONVERSION = YES_AGGRESSIVE;
				CLANG_CXX_LANGUAGE_STANDARD = "gnu++20";
				CLANG_ENABLE_MODULES = YES;
				CLANG_ENABLE_OBJC_ARC = YES;
				CLANG_ENABLE_OBJC_WEAK = YES;
				CLANG_WARN_BLOCK_CAPTURE_AUTORELEASING = YES;
				CLANG_WARN_BOOL_CONVERSION = YES;
				CLANG_WARN_COMMA = YES;
				CLANG_WARN_CONSTANT_CONVERSION = YES;
				CLANG_WARN_DEPRECATED_OBJC_IMPLEMENTATIONS = YES;
				CLANG_WARN_DIRECT_OBJC_ISA_USAGE = YES_ERROR;
				CLANG_WARN_DOCUMENTATION_COMMENTS = YES;
				CLANG_WARN_EMPTY_BODY = YES;
				CLANG_WARN_ENUM_CONVERSION = YES;
				CLANG_WARN_INFINITE_RECURSION = YES;
				CLANG_WARN_INT_CONVERSION = YES;
				CLANG_WARN_NON_LITERAL_NULL_CONVERSION = YES;
				CLANG_WARN_OBJC_IMPLICIT_RETAIN_SELF = YES;
				CLANG_WARN_OBJC_LITERAL_CONVERSION = YES;
				CLANG_WARN_OBJC_ROOT_CLASS = YES_ERROR;
				CLANG_WARN_QUOTED_INCLUDE_IN_FRAMEWORK_HEADER = YES;
				CLANG_WARN_RANGE_LOOP_ANALYSIS = YES;
				CLANG_WARN_STRICT_PROTOTYPES = YES;
				CLANG_WARN_SUSPICIOUS_MOVE = YES;
				CLANG_WARN_UNGUARDED_AVAILABILITY = YES_AGGRESSIVE;
				CLANG_WARN_UNREACHABLE_CODE = YES;
				CLANG_WARN__DUPLICATE_METHOD_MATCH = YES;
				COPY_PHASE_STRIP = NO;
				DEBUG_INFORMATION_FORMAT = "dwarf-with-dsym";
				ENABLE_NS_ASSERTIONS = NO;
				ENABLE_STRICT_OBJC_MSGSEND = YES;
				ENABLE_USER_SCRIPT_SANDBOXING = YES;
				GCC_C_LANGUAGE_STANDARD = gnu17;
				GCC_NO_COMMON_BLOCKS = YES;
				GCC_WARN_64_TO_32_BIT_CONVERSION = YES;
				GCC_WARN_ABOUT_RETURN_TYPE = YES_ERROR;
				GCC_WARN_UNDECLARED_SELECTOR = YES;
				GCC_WARN_UNINITIALIZED_AUTOS = YES_AGGRESSIVE;
				GCC_WARN_UNUSED_FUNCTION = YES;
				GCC_WARN_UNUSED_VARIABLE = YES;
				IPHONEOS_DEPLOYMENT_TARGET = 17.5;
				LOCALIZATION_PREFERS_STRING_CATALOGS = YES;
				MTL_ENABLE_DEBUG_INFO = NO;
				MTL_FAST_MATH = YES;
				SDKROOT = iphoneos;
				SWIFT_COMPILATION_MODE = wholemodule;
				VALIDATE_PRODUCT = YES;
			};
			name = Release;
		};
		FE2F29362C879AD400C9BF43 /* Debug */ = {
			isa = XCBuildConfiguration;
			buildSettings = {
				ASSETCATALOG_COMPILER_APPICON_NAME = AppIcon;
				ASSETCATALOG_COMPILER_GLOBAL_ACCENT_COLOR_NAME = AccentColor;
				CODE_SIGN_STYLE = Automatic;
				CURRENT_PROJECT_VERSION = 1;
				DEVELOPMENT_ASSET_PATHS = "\"ResourceGame/Preview Content\"";
				DEVELOPMENT_TEAM = SP86DZAJ6F;
				ENABLE_PREVIEWS = YES;
				GENERATE_INFOPLIST_FILE = YES;
				INFOPLIST_KEY_UIApplicationSceneManifest_Generation = YES;
				INFOPLIST_KEY_UIApplicationSupportsIndirectInputEvents = YES;
				INFOPLIST_KEY_UILaunchScreen_Generation = YES;
				INFOPLIST_KEY_UISupportedInterfaceOrientations_iPad = "UIInterfaceOrientationPortrait UIInterfaceOrientationPortraitUpsideDown UIInterfaceOrientationLandscapeLeft UIInterfaceOrientationLandscapeRight";
				INFOPLIST_KEY_UISupportedInterfaceOrientations_iPhone = "UIInterfaceOrientationPortrait UIInterfaceOrientationLandscapeLeft UIInterfaceOrientationLandscapeRight";
				LD_RUNPATH_SEARCH_PATHS = (
					"$(inherited)",
					"@executable_path/Frameworks",
				);
				MARKETING_VERSION = 1.0;
				PRODUCT_BUNDLE_IDENTIFIER = com.npc.ResourceGame;
				PRODUCT_NAME = "$(TARGET_NAME)";
				SWIFT_EMIT_LOC_STRINGS = YES;
				SWIFT_VERSION = 5.0;
				TARGETED_DEVICE_FAMILY = "1,2";
			};
			name = Debug;
		};
		FE2F29372C879AD400C9BF43 /* Release */ = {
			isa = XCBuildConfiguration;
			buildSettings = {
				ASSETCATALOG_COMPILER_APPICON_NAME = AppIcon;
				ASSETCATALOG_COMPILER_GLOBAL_ACCENT_COLOR_NAME = AccentColor;
				CODE_SIGN_STYLE = Automatic;
				CURRENT_PROJECT_VERSION = 1;
				DEVELOPMENT_ASSET_PATHS = "\"ResourceGame/Preview Content\"";
				DEVELOPMENT_TEAM = SP86DZAJ6F;
				ENABLE_PREVIEWS = YES;
				GENERATE_INFOPLIST_FILE = YES;
				INFOPLIST_KEY_UIApplicationSceneManifest_Generation = YES;
				INFOPLIST_KEY_UIApplicationSupportsIndirectInputEvents = YES;
				INFOPLIST_KEY_UILaunchScreen_Generation = YES;
				INFOPLIST_KEY_UISupportedInterfaceOrientations_iPad = "UIInterfaceOrientationPortrait UIInterfaceOrientationPortraitUpsideDown UIInterfaceOrientationLandscapeLeft UIInterfaceOrientationLandscapeRight";
				INFOPLIST_KEY_UISupportedInterfaceOrientations_iPhone = "UIInterfaceOrientationPortrait UIInterfaceOrientationLandscapeLeft UIInterfaceOrientationLandscapeRight";
				LD_RUNPATH_SEARCH_PATHS = (
					"$(inherited)",
					"@executable_path/Frameworks",
				);
				MARKETING_VERSION = 1.0;
				PRODUCT_BUNDLE_IDENTIFIER = com.npc.ResourceGame;
				PRODUCT_NAME = "$(TARGET_NAME)";
				SWIFT_EMIT_LOC_STRINGS = YES;
				SWIFT_VERSION = 5.0;
				TARGETED_DEVICE_FAMILY = "1,2";
			};
			name = Release;
		};
		FE2F29392C879AD400C9BF43 /* Debug */ = {
			isa = XCBuildConfiguration;
			buildSettings = {
				ALWAYS_EMBED_SWIFT_STANDARD_LIBRARIES = YES;
				BUNDLE_LOADER = "$(TEST_HOST)";
				CODE_SIGN_STYLE = Automatic;
				CURRENT_PROJECT_VERSION = 1;
				DEVELOPMENT_TEAM = SP86DZAJ6F;
				GENERATE_INFOPLIST_FILE = YES;
				IPHONEOS_DEPLOYMENT_TARGET = 17.5;
				MARKETING_VERSION = 1.0;
				PRODUCT_BUNDLE_IDENTIFIER = com.npc.ResourceGameTests;
				PRODUCT_NAME = "$(TARGET_NAME)";
				SWIFT_EMIT_LOC_STRINGS = NO;
				SWIFT_VERSION = 5.0;
				TARGETED_DEVICE_FAMILY = "1,2";
				TEST_HOST = "$(BUILT_PRODUCTS_DIR)/ResourceGame.app/$(BUNDLE_EXECUTABLE_FOLDER_PATH)/ResourceGame";
			};
			name = Debug;
		};
		FE2F293A2C879AD400C9BF43 /* Release */ = {
			isa = XCBuildConfiguration;
			buildSettings = {
				ALWAYS_EMBED_SWIFT_STANDARD_LIBRARIES = YES;
				BUNDLE_LOADER = "$(TEST_HOST)";
				CODE_SIGN_STYLE = Automatic;
				CURRENT_PROJECT_VERSION = 1;
				DEVELOPMENT_TEAM = SP86DZAJ6F;
				GENERATE_INFOPLIST_FILE = YES;
				IPHONEOS_DEPLOYMENT_TARGET = 17.5;
				MARKETING_VERSION = 1.0;
				PRODUCT_BUNDLE_IDENTIFIER = com.npc.ResourceGameTests;
				PRODUCT_NAME = "$(TARGET_NAME)";
				SWIFT_EMIT_LOC_STRINGS = NO;
				SWIFT_VERSION = 5.0;
				TARGETED_DEVICE_FAMILY = "1,2";
				TEST_HOST = "$(BUILT_PRODUCTS_DIR)/ResourceGame.app/$(BUNDLE_EXECUTABLE_FOLDER_PATH)/ResourceGame";
			};
			name = Release;
		};
		FE2F293C2C879AD400C9BF43 /* Debug */ = {
			isa = XCBuildConfiguration;
			buildSettings = {
				ALWAYS_EMBED_SWIFT_STANDARD_LIBRARIES = YES;
				CODE_SIGN_STYLE = Automatic;
				CURRENT_PROJECT_VERSION = 1;
				DEVELOPMENT_TEAM = SP86DZAJ6F;
				GENERATE_INFOPLIST_FILE = YES;
				MARKETING_VERSION = 1.0;
				PRODUCT_BUNDLE_IDENTIFIER = com.npc.ResourceGameUITests;
				PRODUCT_NAME = "$(TARGET_NAME)";
				SWIFT_EMIT_LOC_STRINGS = NO;
				SWIFT_VERSION = 5.0;
				TARGETED_DEVICE_FAMILY = "1,2";
				TEST_TARGET_NAME = ResourceGame;
			};
			name = Debug;
		};
		FE2F293D2C879AD400C9BF43 /* Release */ = {
			isa = XCBuildConfiguration;
			buildSettings = {
				ALWAYS_EMBED_SWIFT_STANDARD_LIBRARIES = YES;
				CODE_SIGN_STYLE = Automatic;
				CURRENT_PROJECT_VERSION = 1;
				DEVELOPMENT_TEAM = SP86DZAJ6F;
				GENERATE_INFOPLIST_FILE = YES;
				MARKETING_VERSION = 1.0;
				PRODUCT_BUNDLE_IDENTIFIER = com.npc.ResourceGameUITests;
				PRODUCT_NAME = "$(TARGET_NAME)";
				SWIFT_EMIT_LOC_STRINGS = NO;
				SWIFT_VERSION = 5.0;
				TARGETED_DEVICE_FAMILY = "1,2";
				TEST_TARGET_NAME = ResourceGame;
			};
			name = Release;
		};
/* End XCBuildConfiguration section */

/* Begin XCConfigurationList section */
		FE2F290A2C879AD200C9BF43 /* Build configuration list for PBXProject "ResourceGame" */ = {
			isa = XCConfigurationList;
			buildConfigurations = (
				FE2F29332C879AD400C9BF43 /* Debug */,
				FE2F29342C879AD400C9BF43 /* Release */,
			);
			defaultConfigurationIsVisible = 0;
			defaultConfigurationName = Release;
		};
		FE2F29352C879AD400C9BF43 /* Build configuration list for PBXNativeTarget "ResourceGame" */ = {
			isa = XCConfigurationList;
			buildConfigurations = (
				FE2F29362C879AD400C9BF43 /* Debug */,
				FE2F29372C879AD400C9BF43 /* Release */,
			);
			defaultConfigurationIsVisible = 0;
			defaultConfigurationName = Release;
		};
		FE2F29382C879AD400C9BF43 /* Build configuration list for PBXNativeTarget "ResourceGameTests" */ = {
			isa = XCConfigurationList;
			buildConfigurations = (
				FE2F29392C879AD400C9BF43 /* Debug */,
				FE2F293A2C879AD400C9BF43 /* Release */,
			);
			defaultConfigurationIsVisible = 0;
			defaultConfigurationName = Release;
		};
		FE2F293B2C879AD400C9BF43 /* Build configuration list for PBXNativeTarget "ResourceGameUITests" */ = {
			isa = XCConfigurationList;
			buildConfigurations = (
				FE2F293C2C879AD400C9BF43 /* Debug */,
				FE2F293D2C879AD400C9BF43 /* Release */,
			);
			defaultConfigurationIsVisible = 0;
			defaultConfigurationName = Release;
		};
/* End XCConfigurationList section */
	};
	rootObject = FE2F29072C879AD200C9BF43 /* Project object */;
}
